
Microsoft Visual Studio Solution File, Format Version 12.00
# Visual Studio Express 2012 for Windows Desktop
Project("{FAE04EC0-301F-11D3-BF4B-00C04F79EFBC}") = "Tienda_Buceo_v1", "Tienda_Buceo_v1\Tienda_Buceo_v1.csproj", "{A1A2F53C-EE10-42FB-BC2B-AA346E3129F9}"
EndProject
Global
	GlobalSection(SolutionConfigurationPlatforms) = preSolution
		Debug|Any CPU = Debug|Any CPU
		Release|Any CPU = Release|Any CPU
	EndGlobalSection
	GlobalSection(ProjectConfigurationPlatforms) = postSolution
		{A1A2F53C-EE10-42FB-BC2B-AA346E3129F9}.Debug|Any CPU.ActiveCfg = Debug|Any CPU
		{A1A2F53C-EE10-42FB-BC2B-AA346E3129F9}.Debug|Any CPU.Build.0 = Debug|Any CPU
		{A1A2F53C-EE10-42FB-BC2B-AA346E3129F9}.Release|Any CPU.ActiveCfg = Release|Any CPU
		{A1A2F53C-EE10-42FB-BC2B-AA346E3129F9}.Release|Any CPU.Build.0 = Release|Any CPU
	EndGlobalSection
	GlobalSection(SolutionProperties) = preSolution
		HideSolutionNode = FALSE
	EndGlobalSection
EndGlobal
